{
  "object": {
    "pins": [
      {
        "package": "FeistyDB",
        "repositoryURL": "https://github.com/wildthink/FeistyDB",
        "state": {
          "branch": "master",
          "revision": "8281127e1cb1c9d6a34d68b7563668e208fc6481",
          "version": null
        }
      }
    ]
  },
  "version": 1
}
